
Microsoft Visual Studio Solution File, Format Version 12.00
# Visual Studio 2013
VisualStudioVersion = 12.0.30501.0
MinimumVisualStudioVersion = 10.0.40219.1
Project("{FAE04EC0-301F-11D3-BF4B-00C04F79EFBC}") = "1dv404-laboration-3", "1dv404-laboration-3\1dv404-laboration-3.csproj", "{1EE7677F-75F3-4C99-9740-EB04C3D86929}"
EndProject
Project("{FAE04EC0-301F-11D3-BF4B-00C04F79EFBC}") = "UnitTest", "UnitTest\UnitTest.csproj", "{27A49213-91C7-4942-B92A-FD3B41FAF055}"
EndProject
Global
	GlobalSection(SolutionConfigurationPlatforms) = preSolution
		Debug|Any CPU = Debug|Any CPU
		Release|Any CPU = Release|Any CPU
	EndGlobalSection
	GlobalSection(ProjectConfigurationPlatforms) = postSolution
		{1EE7677F-75F3-4C99-9740-EB04C3D86929}.Debug|Any CPU.ActiveCfg = Debug|Any CPU
		{1EE7677F-75F3-4C99-9740-EB04C3D86929}.Debug|Any CPU.Build.0 = Debug|Any CPU
		{1EE7677F-75F3-4C99-9740-EB04C3D86929}.Release|Any CPU.ActiveCfg = Release|Any CPU
		{1EE7677F-75F3-4C99-9740-EB04C3D86929}.Release|Any CPU.Build.0 = Release|Any CPU
		{27A49213-91C7-4942-B92A-FD3B41FAF055}.Debug|Any CPU.ActiveCfg = Debug|Any CPU
		{27A49213-91C7-4942-B92A-FD3B41FAF055}.Debug|Any CPU.Build.0 = Debug|Any CPU
		{27A49213-91C7-4942-B92A-FD3B41FAF055}.Release|Any CPU.ActiveCfg = Release|Any CPU
		{27A49213-91C7-4942-B92A-FD3B41FAF055}.Release|Any CPU.Build.0 = Release|Any CPU
	EndGlobalSection
	GlobalSection(SolutionProperties) = preSolution
		HideSolutionNode = FALSE
	EndGlobalSection
EndGlobal
